
Microsoft Visual Studio Solution File, Format Version 12.00
# Visual Studio Version 16
VisualStudioVersion = 16.0.30204.135
MinimumVisualStudioVersion = 10.0.40219.1
Project("{FAE04EC0-301F-11D3-BF4B-00C04F79EFBC}") = "DotNetColorsTable", "DotNetColorsTable\DotNetColorsTable.csproj", "{3DF4DCDF-442F-4450-AAB3-2B9FB0CD017B}"
EndProject
Global
	GlobalSection(SolutionConfigurationPlatforms) = preSolution
		Debug|Any CPU = Debug|Any CPU
		Release|Any CPU = Release|Any CPU
	EndGlobalSection
	GlobalSection(ProjectConfigurationPlatforms) = postSolution
		{3DF4DCDF-442F-4450-AAB3-2B9FB0CD017B}.Debug|Any CPU.ActiveCfg = Debug|Any CPU
		{3DF4DCDF-442F-4450-AAB3-2B9FB0CD017B}.Debug|Any CPU.Build.0 = Debug|Any CPU
		{3DF4DCDF-442F-4450-AAB3-2B9FB0CD017B}.Release|Any CPU.ActiveCfg = Release|Any CPU
		{3DF4DCDF-442F-4450-AAB3-2B9FB0CD017B}.Release|Any CPU.Build.0 = Release|Any CPU
	EndGlobalSection
	GlobalSection(SolutionProperties) = preSolution
		HideSolutionNode = FALSE
	EndGlobalSection
	GlobalSection(ExtensibilityGlobals) = postSolution
		SolutionGuid = {B92530D8-A216-4B96-B1CD-136633188718}
	EndGlobalSection
EndGlobal
